{
  "name": "bgg-api",
  "version": "0.0.1",
  "lockfileVersion": 1,
  "dependencies": {
    "acorn": {
      "version": "1.2.2",
      "resolved": "https://registry.npmjs.org/acorn/-/acorn-1.2.2.tgz",
      "integrity": "sha1-yM4n3grMdtiW0rH6099YjZ6C8BQ="
    },
    "amdefine": {
      "version": "1.0.1",
      "resolved": "https://registry.npmjs.org/amdefine/-/amdefine-1.0.1.tgz",
      "integrity": "sha1-SlKCrBZHKek2Gbz9OtFR+BfOkfU=",
      "optional": true
    },
    "assertion-error": {
      "version": "1.0.0",
      "resolved": "https://registry.npmjs.org/assertion-error/-/assertion-error-1.0.0.tgz",
      "integrity": "sha1-x/hUOP3UZrx8oWq5DIFRN5el0js="
    },
    "async": {
      "version": "0.2.10",
      "resolved": "https://registry.npmjs.org/async/-/async-0.2.10.tgz",
      "integrity": "sha1-trvgsGdLnXGXCMo43owjfLUmw9E="
    },
    "blanket": {
      "version": "1.1.10",
      "resolved": "https://registry.npmjs.org/blanket/-/blanket-1.1.10.tgz",
      "integrity": "sha1-m+r8WbZmvUetlOxkCCvxl++Ms0I="
    },
    "boom": {
      "version": "2.10.1",
      "resolved": "https://registry.npmjs.org/boom/-/boom-2.10.1.tgz",
      "integrity": "sha1-OciRjO/1eZ+D+UkqhI9iWt0Mdm8="
    },
    "catbox": {
      "version": "2.2.1",
      "resolved": "https://registry.npmjs.org/catbox/-/catbox-2.2.1.tgz",
      "integrity": "sha1-57DDXVImFKBTeUmUsx9IvIYANWs="
    },
    "catbox-memory": {
      "version": "1.1.2",
      "resolved": "https://registry.npmjs.org/catbox-memory/-/catbox-memory-1.1.2.tgz",
      "integrity": "sha1-M8kYOjKzGUXuikhNDjw8u4Lq7Bo="
    },
    "catbox-redis": {
      "version": "1.1.1",
      "resolved": "https://registry.npmjs.org/catbox-redis/-/catbox-redis-1.1.1.tgz",
      "integrity": "sha1-/idcA4hRARamiabF7v6wRqcvD20="
    },
    "chai": {
      "version": "1.10.0",
      "resolved": "https://registry.npmjs.org/chai/-/chai-1.10.0.tgz",
      "integrity": "sha1-5AMcyHZURhp1lD5aNatG6vOcHrk="
    },
    "coffee-script": {
      "version": "1.12.6",
      "resolved": "https://registry.npmjs.org/coffee-script/-/coffee-script-1.12.6.tgz",
      "integrity": "sha1-KFo/cRVokGUGTWv570Vy22ZpXL8="
    },
    "core-util-is": {
      "version": "1.0.2",
      "resolved": "https://registry.npmjs.org/core-util-is/-/core-util-is-1.0.2.tgz",
      "integrity": "sha1-tf1UIgqivFq1eqtxQMlAdUUDwac="
    },
    "cryptiles": {
      "version": "2.0.5",
      "resolved": "https://registry.npmjs.org/cryptiles/-/cryptiles-2.0.5.tgz",
      "integrity": "sha1-O9/s3GCBR8HGcgL6KR59ylnqo7g="
    },
    "deep-eql": {
      "version": "0.1.3",
      "resolved": "https://registry.npmjs.org/deep-eql/-/deep-eql-0.1.3.tgz",
      "integrity": "sha1-71WKyrjeJSBs1xOQbXTlaTDrafI="
    },
    "diff": {
      "version": "1.0.8",
      "resolved": "https://registry.npmjs.org/diff/-/diff-1.0.8.tgz",
      "integrity": "sha1-NDJ2MI7Jkbe8giZ+1VvBQR+XFmY="
    },
    "double-ended-queue": {
      "version": "2.1.0-0",
      "resolved": "https://registry.npmjs.org/double-ended-queue/-/double-ended-queue-2.1.0-0.tgz",
      "integrity": "sha1-ED01J/0xUo9AGIEwyEHv3XgmTlw="
    },
    "falafel": {
      "version": "1.2.0",
      "resolved": "https://registry.npmjs.org/falafel/-/falafel-1.2.0.tgz",
      "integrity": "sha1-wY0k71CRF0pJfzGM0ksCaiXN2rQ="
    },
    "foreach": {
      "version": "2.0.5",
      "resolved": "https://registry.npmjs.org/foreach/-/foreach-2.0.5.tgz",
      "integrity": "sha1-C+4AUBiusmDQo6865ljdATbsG5k="
    },
    "handlebars": {
      "version": "1.2.1",
      "resolved": "https://registry.npmjs.org/handlebars/-/handlebars-1.2.1.tgz",
      "integrity": "sha1-CpAWN5Bk+JV3eb3CgShpEgq6nZg=",
      "dependencies": {
        "optimist": {
          "version": "0.3.7",
          "resolved": "https://registry.npmjs.org/optimist/-/optimist-0.3.7.tgz",
          "integrity": "sha1-yQlBrVnkJzMokjB00s8ufLxuwNk="
        }
      }
    },
    "hapi": {
      "version": "3.1.0",
      "resolved": "https://registry.npmjs.org/hapi/-/hapi-3.1.0.tgz",
      "integrity": "sha1-tPrRcZ7wJXiWVdmxfzu6gcnyxJY=",
      "dependencies": {
        "hoek": {
          "version": "1.5.2",
          "resolved": "https://registry.npmjs.org/hoek/-/hoek-1.5.2.tgz",
          "integrity": "sha1-0QOBFcMEb68RuwicJei0CbG32Mo="
        }
      }
    },
    "hoek": {
      "version": "2.16.3",
      "resolved": "https://registry.npmjs.org/hoek/-/hoek-2.16.3.tgz",
      "integrity": "sha1-ILt0A9POo5jpHcRxCo/xuCdKJe0="
    },
    "inherits": {
      "version": "2.0.3",
      "resolved": "https://registry.npmjs.org/inherits/-/inherits-2.0.3.tgz",
      "integrity": "sha1-Yzwsg+PaQqUC9SRmAiSA9CCCYd4="
    },
    "iron": {
      "version": "2.1.3",
      "resolved": "https://registry.npmjs.org/iron/-/iron-2.1.3.tgz",
      "integrity": "sha1-cbjzV9gGquA6kKdFuaqv/sfi3eQ="
    },
    "isarray": {
      "version": "0.0.1",
      "resolved": "https://registry.npmjs.org/isarray/-/isarray-0.0.1.tgz",
      "integrity": "sha1-ihis/Kmo9Bd+Cav8YDiTmwXR7t8="
    },
    "joi": {
      "version": "2.9.0",
      "resolved": "https://registry.npmjs.org/joi/-/joi-2.9.0.tgz",
      "integrity": "sha1-mV4KZhwqhHMI1buZAmTUOdLKSdY=",
      "dependencies": {
        "hoek": {
          "version": "1.5.2",
          "resolved": "https://registry.npmjs.org/hoek/-/hoek-1.5.2.tgz",
          "integrity": "sha1-0QOBFcMEb68RuwicJei0CbG32Mo="
        }
      }
    },
    "lab": {
      "version": "1.9.0",
      "resolved": "https://registry.npmjs.org/lab/-/lab-1.9.0.tgz",
      "integrity": "sha1-mFjZb8b6/LBfLqmB0IS0xeFyOsk="
    },
    "lodash": {
      "version": "2.4.2",
      "resolved": "https://registry.npmjs.org/lodash/-/lodash-2.4.2.tgz",
      "integrity": "sha1-+t2DS5aDBz2hebPq5tnA0VBT9z4="
    },
    "lru-cache": {
      "version": "2.5.2",
      "resolved": "https://registry.npmjs.org/lru-cache/-/lru-cache-2.5.2.tgz",
      "integrity": "sha1-H92tk4quEmPOE4aAvhs/WRwKtBw="
    },
    "mime": {
      "version": "1.2.11",
      "resolved": "https://registry.npmjs.org/mime/-/mime-1.2.11.tgz",
      "integrity": "sha1-WCA+7Ybjpe8XrtK32evUfwpg3RA="
    },
    "minimist": {
      "version": "0.0.10",
      "resolved": "https://registry.npmjs.org/minimist/-/minimist-0.0.10.tgz",
      "integrity": "sha1-3j+YVD2/lggr5IrRoMfNqDYwHc8="
    },
    "multiparty": {
      "version": "3.2.10",
      "resolved": "https://registry.npmjs.org/multiparty/-/multiparty-3.2.10.tgz",
      "integrity": "sha1-+JghtveRKb8R/5v5NPSRHew9KcM="
    },
    "negotiator": {
      "version": "0.4.9",
      "resolved": "https://registry.npmjs.org/negotiator/-/negotiator-0.4.9.tgz",
      "integrity": "sha1-kuRrbbU8fkIe1koryU8IvnYw3z8="
    },
    "newrelic": {
      "version": "1.40.0",
      "resolved": "https://registry.npmjs.org/newrelic/-/newrelic-1.40.0.tgz",
      "integrity": "sha1-JUjfFMRB6/ydO465idE397aaHW8=",
      "dependencies": {
        "concat-stream": {
          "version": "1.6.0",
          "bundled": true,
          "dependencies": {
            "inherits": {
              "version": "2.0.3",
              "bundled": true
            },
            "readable-stream": {
              "version": "2.2.11",
              "bundled": true,
              "dependencies": {
                "core-util-is": {
                  "version": "1.0.2",
                  "bundled": true
                },
                "isarray": {
                  "version": "1.0.0",
                  "bundled": true
                },
                "process-nextick-args": {
                  "version": "1.0.7",
                  "bundled": true
                },
                "safe-buffer": {
                  "version": "5.0.1",
                  "bundled": true
                },
                "string_decoder": {
                  "version": "1.0.2",
                  "bundled": true
                },
                "util-deprecate": {
                  "version": "1.0.2",
                  "bundled": true
                }
              }
            },
            "typedarray": {
              "version": "0.0.6",
              "bundled": true
            }
          }
        },
        "https-proxy-agent": {
          "version": "0.3.6",
          "bundled": true,
          "dependencies": {
            "agent-base": {
              "version": "1.0.2",
              "bundled": true
            },
            "debug": {
              "version": "2.6.8",
              "bundled": true,
              "dependencies": {
                "ms": {
                  "version": "2.0.0",
                  "bundled": true
                }
              }
            },
            "extend": {
              "version": "3.0.1",
              "bundled": true
            }
          }
        },
        "json-stringify-safe": {
          "version": "5.0.1",
          "bundled": true
        },
        "readable-stream": {
          "version": "1.1.14",
          "bundled": true,
          "dependencies": {
            "core-util-is": {
              "version": "1.0.2",
              "bundled": true
            },
            "inherits": {
              "version": "2.0.3",
              "bundled": true
            },
            "isarray": {
              "version": "0.0.1",
              "bundled": true
            },
            "string_decoder": {
              "version": "0.10.31",
              "bundled": true
            }
          }
        },
        "semver": {
          "version": "5.3.0",
          "bundled": true
        }
      }
    },
    "nipple": {
      "version": "2.5.6",
      "resolved": "https://registry.npmjs.org/nipple/-/nipple-2.5.6.tgz",
      "integrity": "sha1-vswCWKmovX5V+vhd1sHgu1uYGkI="
    },
    "object-keys": {
      "version": "1.0.11",
      "resolved": "https://registry.npmjs.org/object-keys/-/object-keys-1.0.11.tgz",
      "integrity": "sha1-xUYBd4rVYPEULODgG8yotW0TQm0="
    },
    "optimist": {
      "version": "0.6.1",
      "resolved": "https://registry.npmjs.org/optimist/-/optimist-0.6.1.tgz",
      "integrity": "sha1-2j6nRob6IaGaERwybpDrFaAZZoY="
    },
    "qs": {
      "version": "0.6.6",
      "resolved": "https://registry.npmjs.org/qs/-/qs-0.6.6.tgz",
      "integrity": "sha1-bgFQmP9RlouKPIGQAdXyyJvEsQc="
    },
    "readable-stream": {
      "version": "1.1.14",
      "resolved": "https://registry.npmjs.org/readable-stream/-/readable-stream-1.1.14.tgz",
      "integrity": "sha1-fPTFTvZI44EwhMY23SB54WbAgdk="
    },
    "redis": {
      "version": "2.7.1",
      "resolved": "https://registry.npmjs.org/redis/-/redis-2.7.1.tgz",
      "integrity": "sha1-fVb3h1uYsgQQtxU58dh47Vjr9Go="
    },
    "redis-commands": {
      "version": "1.3.1",
      "resolved": "https://registry.npmjs.org/redis-commands/-/redis-commands-1.3.1.tgz",
      "integrity": "sha1-gdgm9F+pyLIBH0zXoP5ZfSQdRCs="
    },
    "redis-parser": {
      "version": "2.6.0",
      "resolved": "https://registry.npmjs.org/redis-parser/-/redis-parser-2.6.0.tgz",
      "integrity": "sha1-Uu0J2srBCPGmMcB+m2mUHnoZUEs="
    },
    "sax": {
      "version": "1.2.4",
      "resolved": "https://registry.npmjs.org/sax/-/sax-1.2.4.tgz",
      "integrity": "sha512-NqVDv9TpANUjFm0N8uM5GxL36UgKi9/atZw+x7YFnQ8ckwFGKrl4xX4yWtrey3UJm5nP1kUbnYgLopqWNSRhWw=="
    },
    "semver": {
      "version": "2.2.1",
      "resolved": "https://registry.npmjs.org/semver/-/semver-2.2.1.tgz",
      "integrity": "sha1-eUEYKz/8xYC/8cF5QqzfeVHA0hM="
    },
    "shot": {
      "version": "1.7.0",
      "resolved": "https://registry.npmjs.org/shot/-/shot-1.7.0.tgz",
      "integrity": "sha1-8jKdfvM6/PA9RM5Bq66BSK4XBTI="
    },
    "source-map": {
      "version": "0.1.43",
      "resolved": "https://registry.npmjs.org/source-map/-/source-map-0.1.43.tgz",
      "integrity": "sha1-wkvBRspRfBRx9drL4lcbK3+eM0Y=",
      "optional": true
    },
    "stream-counter": {
      "version": "0.2.0",
      "resolved": "https://registry.npmjs.org/stream-counter/-/stream-counter-0.2.0.tgz",
      "integrity": "sha1-3tJmVWMZyLDiIoErnPOyb6fZR94="
    },
    "string_decoder": {
      "version": "0.10.31",
      "resolved": "https://registry.npmjs.org/string_decoder/-/string_decoder-0.10.31.tgz",
      "integrity": "sha1-YuIDvEF2bGwoyfyEMB2rHFMQ+pQ="
    },
    "type-detect": {
      "version": "0.1.1",
      "resolved": "https://registry.npmjs.org/type-detect/-/type-detect-0.1.1.tgz",
      "integrity": "sha1-C6XsKohWQORw6k6FBZcZANrFiCI="
    },
    "uglify-js": {
      "version": "2.3.6",
      "resolved": "https://registry.npmjs.org/uglify-js/-/uglify-js-2.3.6.tgz",
      "integrity": "sha1-+gmEdwtCi3qbKoBY9GNV0U/vIRo=",
      "optional": true,
      "dependencies": {
        "optimist": {
          "version": "0.3.7",
          "resolved": "https://registry.npmjs.org/optimist/-/optimist-0.3.7.tgz",
          "integrity": "sha1-yQlBrVnkJzMokjB00s8ufLxuwNk=",
          "optional": true
        }
      }
    },
    "wordwrap": {
      "version": "0.0.3",
      "resolved": "https://registry.npmjs.org/wordwrap/-/wordwrap-0.0.3.tgz",
      "integrity": "sha1-o9XabNXAvAAI03I0u68b7WMFkQc="
    },
    "xml2js": {
      "version": "0.4.17",
      "resolved": "https://registry.npmjs.org/xml2js/-/xml2js-0.4.17.tgz",
      "integrity": "sha1-F76T6q4/O3eTWceVtBlwWogX6Gg="
    },
    "xmlbuilder": {
      "version": "4.2.1",
      "resolved": "https://registry.npmjs.org/xmlbuilder/-/xmlbuilder-4.2.1.tgz",
      "integrity": "sha1-qlijBBoGb5DqoWwvU4n/GfP0YaU=",
      "dependencies": {
        "lodash": {
          "version": "4.17.4",
          "resolved": "https://registry.npmjs.org/lodash/-/lodash-4.17.4.tgz",
          "integrity": "sha1-eCA6TRwyiuHYbcpkYONptX9AVa4="
        }
      }
    },
    "xtend": {
      "version": "4.0.1",
      "resolved": "https://registry.npmjs.org/xtend/-/xtend-4.0.1.tgz",
      "integrity": "sha1-pcbVMr5lbiPbgg77lDofBJmNY68="
    }
  }
}
